
Microsoft Visual Studio Solution File, Format Version 12.00
# Visual Studio Version 17
VisualStudioVersion = 17.3.32929.385
MinimumVisualStudioVersion = 10.0.40219.1
Project("{9A19103F-16F7-4668-BE54-9A1E7A4F7556}") = "BornDigital.ReoAko.Api", "BornDigital.ReoAko.Api\BornDigital.ReoAko.Api.csproj", "{A6D18FF4-7485-4E45-ADC5-E531EBE1A78D}"
EndProject
Project("{9A19103F-16F7-4668-BE54-9A1E7A4F7556}") = "BornDigital.ReoAko.Umbraco", "BornDigital.ReoAko.Umbraco\BornDigital.ReoAko.Umbraco.csproj", "{729EB5F2-7BC3-423D-BF1E-15A209C7B14A}"
EndProject
Global
	GlobalSection(SolutionConfigurationPlatforms) = preSolution
		Debug|Any CPU = Debug|Any CPU
		Release|Any CPU = Release|Any CPU
	EndGlobalSection
	GlobalSection(ProjectConfigurationPlatforms) = postSolution
		{A6D18FF4-7485-4E45-ADC5-E531EBE1A78D}.Debug|Any CPU.ActiveCfg = Debug|Any CPU
		{A6D18FF4-7485-4E45-ADC5-E531EBE1A78D}.Debug|Any CPU.Build.0 = Debug|Any CPU
		{A6D18FF4-7485-4E45-ADC5-E531EBE1A78D}.Release|Any CPU.ActiveCfg = Release|Any CPU
		{A6D18FF4-7485-4E45-ADC5-E531EBE1A78D}.Release|Any CPU.Build.0 = Release|Any CPU
		{729EB5F2-7BC3-423D-BF1E-15A209C7B14A}.Debug|Any CPU.ActiveCfg = Debug|Any CPU
		{729EB5F2-7BC3-423D-BF1E-15A209C7B14A}.Debug|Any CPU.Build.0 = Debug|Any CPU
		{729EB5F2-7BC3-423D-BF1E-15A209C7B14A}.Release|Any CPU.ActiveCfg = Release|Any CPU
		{729EB5F2-7BC3-423D-BF1E-15A209C7B14A}.Release|Any CPU.Build.0 = Release|Any CPU
	EndGlobalSection
	GlobalSection(SolutionProperties) = preSolution
		HideSolutionNode = FALSE
	EndGlobalSection
	GlobalSection(ExtensibilityGlobals) = postSolution
		SolutionGuid = {67CB2A3C-5E66-497D-A848-72F80D8FC0CD}
	EndGlobalSection
EndGlobal
